
Microsoft Visual Studio Solution File, Format Version 11.00
# Visual Studio 2010
Project("{FAE04EC0-301F-11D3-BF4B-00C04F79EFBC}") = "FrameWorkProject", "Assembly-CSharp.csproj", "{99DAD1BE-F74B-A011-89E4-A08D16D3A7A5}"
EndProject
Project("{FAE04EC0-301F-11D3-BF4B-00C04F79EFBC}") = "FrameWorkProject", "Assembly-CSharp-Editor.csproj", "{8FA390DC-48A3-6DC0-1E57-35D6CB5741BF}"
EndProject
Global
	GlobalSection(SolutionConfigurationPlatforms) = preSolution
		Debug|Any CPU = Debug|Any CPU
		Release|Any CPU = Release|Any CPU
	EndGlobalSection
	GlobalSection(ProjectConfigurationPlatforms) = postSolution
		{99DAD1BE-F74B-A011-89E4-A08D16D3A7A5}.Debug|Any CPU.ActiveCfg = Debug|Any CPU
		{99DAD1BE-F74B-A011-89E4-A08D16D3A7A5}.Debug|Any CPU.Build.0 = Debug|Any CPU
		{99DAD1BE-F74B-A011-89E4-A08D16D3A7A5}.Release|Any CPU.ActiveCfg = Release|Any CPU
		{99DAD1BE-F74B-A011-89E4-A08D16D3A7A5}.Release|Any CPU.Build.0 = Release|Any CPU
		{8FA390DC-48A3-6DC0-1E57-35D6CB5741BF}.Debug|Any CPU.ActiveCfg = Debug|Any CPU
		{8FA390DC-48A3-6DC0-1E57-35D6CB5741BF}.Debug|Any CPU.Build.0 = Debug|Any CPU
		{8FA390DC-48A3-6DC0-1E57-35D6CB5741BF}.Release|Any CPU.ActiveCfg = Release|Any CPU
		{8FA390DC-48A3-6DC0-1E57-35D6CB5741BF}.Release|Any CPU.Build.0 = Release|Any CPU
	EndGlobalSection
	GlobalSection(SolutionProperties) = preSolution
		HideSolutionNode = FALSE
	EndGlobalSection
	GlobalSection(MonoDevelopProperties) = preSolution
		StartupItem = Assembly-CSharp.csproj
	EndGlobalSection
EndGlobal
